aiosqlite==0.22.1
    # via rosette (pyproject.toml)
alembic==1.18.4
    # via rosette (pyproject.toml)
annotated-doc==0.0.4
    # via fastapi
annotated-types==0.7.0
    # via pydantic
anthropic==0.79.0
    # via rosette (pyproject.toml)
anyio==4.12.1
    # via
    #   anthropic
    #   httpx
    #   starlette
asyncpg==0.31.0
    # via rosette (pyproject.toml)
certifi==2026.1.4
    # via
    #   httpcore
    #   httpx
cffi==2.0.0
    # via cryptography
charset-normalizer==3.4.4
    # via pdfminer-six
click==8.3.1
    # via
    #   rosette (pyproject.toml)
    #   uvicorn
cryptography==46.0.5
    # via pdfminer-six
defusedxml==0.7.1
    # via rosette (pyproject.toml)
deprecated==1.3.1
    # via limits
distro==1.9.0
    # via anthropic
docstring-parser==0.17.0
    # via anthropic
fastapi==0.129.0
    # via rosette (pyproject.toml)
greenlet==3.3.2
    # via rosette (pyproject.toml)
h11==0.16.0
    # via
    #   httpcore
    #   uvicorn
httpcore==1.0.9
    # via httpx
httpx==0.28.1
    # via
    #   anthropic
    #   rosette (pyproject.toml)
idna==3.11
    # via
    #   anyio
    #   httpx
imagehash==4.3.2
    # via rosette (pyproject.toml)
jinja2==3.1.6
    # via rosette (pyproject.toml)
jiter==0.13.0
    # via anthropic
limits==5.8.0
    # via slowapi
mako==1.3.10
    # via alembic
markdown-it-py==4.0.0
    # via rich
markupsafe==3.0.3
    # via
    #   jinja2
    #   mako
mdurl==0.1.2
    # via markdown-it-py
networkx==3.6.1
    # via
    #   python-louvain
    #   rosette (pyproject.toml)
numpy==2.4.2
    # via
    #   imagehash
    #   opencv-python-headless
    #   python-louvain
    #   pywavelets
    #   rosette (pyproject.toml)
    #   scipy
opencv-python-headless==4.11.0.86
    # via rosette (pyproject.toml)
packaging==26.0
    # via limits
pdfminer-six==20251230
    # via pdfplumber
pdfplumber==0.11.9
    # via rosette (pyproject.toml)
pillow==12.1.1
    # via
    #   imagehash
    #   pdfplumber
    #   pillow-heif
    #   rosette (pyproject.toml)
pillow-heif==1.2.0
    # via rosette (pyproject.toml)
pycparser==3.0
    # via cffi
pydantic==2.12.5
    # via
    #   anthropic
    #   fastapi
    #   pydantic-settings
    #   rosette (pyproject.toml)
pydantic-core==2.41.5
    # via pydantic
pydantic-settings==2.12.0
    # via rosette (pyproject.toml)
pygments==2.19.2
    # via rich
pymupdf==1.27.1
    # via rosette (pyproject.toml)
pypdfium2==5.4.0
    # via pdfplumber
python-dotenv==1.2.1
    # via pydantic-settings
python-louvain==0.16
    # via rosette (pyproject.toml)
python-multipart==0.0.22
    # via rosette (pyproject.toml)
pywavelets==1.9.0
    # via imagehash
pyyaml==6.0.3
    # via rosette (pyproject.toml)
rich==14.3.3
    # via rosette (pyproject.toml)
scipy==1.17.0
    # via
    #   imagehash
    #   rosette (pyproject.toml)
slowapi==0.1.9
    # via rosette (pyproject.toml)
sniffio==1.3.1
    # via anthropic
sqlalchemy==2.0.46
    # via
    #   alembic
    #   rosette (pyproject.toml)
starlette==0.52.1
    # via fastapi
typing-extensions==4.15.0
    # via
    #   alembic
    #   anthropic
    #   fastapi
    #   limits
    #   pydantic
    #   pydantic-core
    #   sqlalchemy
    #   typing-inspection
typing-inspection==0.4.2
    # via
    #   fastapi
    #   pydantic
    #   pydantic-settings
uvicorn==0.40.0
    # via rosette (pyproject.toml)
wrapt==2.1.1
    # via deprecated
